
Microsoft Visual Studio Solution File, Format Version 12.00
# Visual Studio Version 17
VisualStudioVersion = 17.14.36518.9 d17.14
MinimumVisualStudioVersion = 10.0.40219.1
Project("{888888A0-9F3D-457C-B088-3A5042F75D52}") = "LAB4", "LAB4.pyproj", "{5FAA315D-F252-4BA2-B87A-B263704A3C5A}"
EndProject
Global
	GlobalSection(SolutionConfigurationPlatforms) = preSolution
		Debug|Any CPU = Debug|Any CPU
		Release|Any CPU = Release|Any CPU
	EndGlobalSection
	GlobalSection(ProjectConfigurationPlatforms) = postSolution
		{5FAA315D-F252-4BA2-B87A-B263704A3C5A}.Debug|Any CPU.ActiveCfg = Debug|Any CPU
		{5FAA315D-F252-4BA2-B87A-B263704A3C5A}.Release|Any CPU.ActiveCfg = Release|Any CPU
	EndGlobalSection
	GlobalSection(SolutionProperties) = preSolution
		HideSolutionNode = FALSE
	EndGlobalSection
	GlobalSection(ExtensibilityGlobals) = postSolution
		SolutionGuid = {07E1F4C4-60DE-4970-B2AF-E3AA17D03DCE}
	EndGlobalSection
EndGlobal
