
Microsoft Visual Studio Solution File, Format Version 12.00
# Visual Studio Version 17
VisualStudioVersion = 17.14.36518.9 d17.14
MinimumVisualStudioVersion = 10.0.40219.1
Project("{888888A0-9F3D-457C-B088-3A5042F75D52}") = "LAB2. Python files and OS", "LAB2. Python files and OS\LAB2. Python files and OS.pyproj", "{FD90AB3E-6AF4-46F5-9E51-4305F1177848}"
EndProject
Global
	GlobalSection(SolutionConfigurationPlatforms) = preSolution
		Debug|Any CPU = Debug|Any CPU
		Release|Any CPU = Release|Any CPU
	EndGlobalSection
	GlobalSection(ProjectConfigurationPlatforms) = postSolution
		{FD90AB3E-6AF4-46F5-9E51-4305F1177848}.Debug|Any CPU.ActiveCfg = Debug|Any CPU
		{FD90AB3E-6AF4-46F5-9E51-4305F1177848}.Release|Any CPU.ActiveCfg = Release|Any CPU
	EndGlobalSection
	GlobalSection(SolutionProperties) = preSolution
		HideSolutionNode = FALSE
	EndGlobalSection
	GlobalSection(ExtensibilityGlobals) = postSolution
		SolutionGuid = {3D000044-4417-4AA7-AB0D-E39DBF1ED9C9}
	EndGlobalSection
EndGlobal
